// !$*UTF8*$!
{
	archiveVersion = 1;
	classes = {
	};
	objectVersion = 56;
	objects = {

/* Begin PBXBuildFile section */
		2E2D4A192B91E1FD00857146 /* TabBarViewController.swift in Sources */ = {isa = PBXBuildFile; fileRef = 2E2D4A182B91E1FD00857146 /* TabBarViewController.swift */; };
		2E2D4A1C2B91E21B00857146 /* SearchViewController.swift in Sources */ = {isa = PBXBuildFile; fileRef = 2E2D4A1B2B91E21B00857146 /* SearchViewController.swift */; };
		2E2D4A1E2B91E22900857146 /* MyFavoriteViewController.swift in Sources */ = {isa = PBXBuildFile; fileRef = 2E2D4A1D2B91E22900857146 /* MyFavoriteViewController.swift */; };
		2E2D4A222B91E50700857146 /* ChartViewController.swift in Sources */ = {isa = PBXBuildFile; fileRef = 2E2D4A212B91E50700857146 /* ChartViewController.swift */; };
		2E2D4A242B91E50E00857146 /* MyPageViewController.swift in Sources */ = {isa = PBXBuildFile; fileRef = 2E2D4A232B91E50E00857146 /* MyPageViewController.swift */; };
		2E2D4A272B920E7200857146 /* Kingfisher in Frameworks */ = {isa = PBXBuildFile; productRef = 2E2D4A262B920E7200857146 /* Kingfisher */; };
		2E2D4A2A2B92325F00857146 /* SearchView.swift in Sources */ = {isa = PBXBuildFile; fileRef = 2E2D4A292B92325F00857146 /* SearchView.swift */; };
		2E2D4A2C2B92385500857146 /* SearchResultTableViewCell.swift in Sources */ = {isa = PBXBuildFile; fileRef = 2E2D4A2B2B92385500857146 /* SearchResultTableViewCell.swift */; };
		2E2D4A2F2B923A2200857146 /* SearchViewModel.swift in Sources */ = {isa = PBXBuildFile; fileRef = 2E2D4A2E2B923A2200857146 /* SearchViewModel.swift */; };
		2E52409F2B8DB10200036E36 /* AppDelegate.swift in Sources */ = {isa = PBXBuildFile; fileRef = 2E52409E2B8DB10200036E36 /* AppDelegate.swift */; };
		2E5240A12B8DB10200036E36 /* SceneDelegate.swift in Sources */ = {isa = PBXBuildFile; fileRef = 2E5240A02B8DB10200036E36 /* SceneDelegate.swift */; };
		2E5240A82B8DB10300036E36 /* Assets.xcassets in Resources */ = {isa = PBXBuildFile; fileRef = 2E5240A72B8DB10300036E36 /* Assets.xcassets */; };
		2E5240AB2B8DB10300036E36 /* LaunchScreen.storyboard in Resources */ = {isa = PBXBuildFile; fileRef = 2E5240A92B8DB10300036E36 /* LaunchScreen.storyboard */; };
		2E5240B42B8DB1D900036E36 /* Alamofire in Frameworks */ = {isa = PBXBuildFile; productRef = 2E5240B32B8DB1D900036E36 /* Alamofire */; };
		2E5240B72B8DB1E600036E36 /* DGCharts in Frameworks */ = {isa = PBXBuildFile; productRef = 2E5240B62B8DB1E600036E36 /* DGCharts */; };
		2E5240B92B8DB1E600036E36 /* DGChartsDynamic in Frameworks */ = {isa = PBXBuildFile; productRef = 2E5240B82B8DB1E600036E36 /* DGChartsDynamic */; };
		2E5240BC2B8DB1F000036E36 /* SnapKit in Frameworks */ = {isa = PBXBuildFile; productRef = 2E5240BB2B8DB1F000036E36 /* SnapKit */; };
		2E5240BF2B8DB1F700036E36 /* Then in Frameworks */ = {isa = PBXBuildFile; productRef = 2E5240BE2B8DB1F700036E36 /* Then */; };
		2E5240C22B8DB24F00036E36 /* Toast in Frameworks */ = {isa = PBXBuildFile; productRef = 2E5240C12B8DB24F00036E36 /* Toast */; };
		2E5240DF2B8DBA5600036E36 /* UIColor+CustomColor.swift in Sources */ = {isa = PBXBuildFile; fileRef = 2E5240DE2B8DBA5600036E36 /* UIColor+CustomColor.swift */; };
		2E5240E12B8DBAF000036E36 /* UIView+addSubViews.swift in Sources */ = {isa = PBXBuildFile; fileRef = 2E5240E02B8DBAF000036E36 /* UIView+addSubViews.swift */; };
		2E5240E32B8DBC9800036E36 /* TrendingViewController.swift in Sources */ = {isa = PBXBuildFile; fileRef = 2E5240E22B8DBC9800036E36 /* TrendingViewController.swift */; };
		2E5240E62B8DC0F900036E36 /* Observable.swift in Sources */ = {isa = PBXBuildFile; fileRef = 2E5240E52B8DC0F900036E36 /* Observable.swift */; };
		2E5240E82B8DC15300036E36 /* MyFavoriteCollectionViewCell.swift in Sources */ = {isa = PBXBuildFile; fileRef = 2E5240E72B8DC15300036E36 /* MyFavoriteCollectionViewCell.swift */; };
		2E5240EC2B8DC2E100036E36 /* BaseViewController.swift in Sources */ = {isa = PBXBuildFile; fileRef = 2E5240EB2B8DC2E100036E36 /* BaseViewController.swift */; };
		2E5240EE2B8DC3AF00036E36 /* TrendingViewModel.swift in Sources */ = {isa = PBXBuildFile; fileRef = 2E5240ED2B8DC3AF00036E36 /* TrendingViewModel.swift */; };
		2E5240F02B8DE31200036E36 /* CoinGeckoAPI.swift in Sources */ = {isa = PBXBuildFile; fileRef = 2E5240EF2B8DE31200036E36 /* CoinGeckoAPI.swift */; };
		2E5240F22B8DE76900036E36 /* CoinGeckoAPIManager.swift in Sources */ = {isa = PBXBuildFile; fileRef = 2E5240F12B8DE76900036E36 /* CoinGeckoAPIManager.swift */; };
		2E5240F52B8E266100036E36 /* Trending.swift in Sources */ = {isa = PBXBuildFile; fileRef = 2E5240F42B8E266100036E36 /* Trending.swift */; };
		2E5240F72B8E2F0400036E36 /* ChartCollectionViewCell.swift in Sources */ = {isa = PBXBuildFile; fileRef = 2E5240F62B8E2F0400036E36 /* ChartCollectionViewCell.swift */; };
		2E5240F92B8E36C100036E36 /* ChartOverviewTableViewCell.swift in Sources */ = {isa = PBXBuildFile; fileRef = 2E5240F82B8E36C100036E36 /* ChartOverviewTableViewCell.swift */; };
		2E62B3C72B90EDA10094281F /* MyFavoriteTableViewCell.swift in Sources */ = {isa = PBXBuildFile; fileRef = 2E62B3C62B90EDA10094281F /* MyFavoriteTableViewCell.swift */; };
		2E62B3C92B90FAC70094281F /* TrendingView.swift in Sources */ = {isa = PBXBuildFile; fileRef = 2E62B3C82B90FAC70094281F /* TrendingView.swift */; };
/* End PBXBuildFile section */

/* Begin PBXFileReference section */
		2E2D4A182B91E1FD00857146 /* TabBarViewController.swift */ = {isa = PBXFileReference; lastKnownFileType = sourcecode.swift; path = TabBarViewController.swift; sourceTree = "<group>"; };
		2E2D4A1B2B91E21B00857146 /* SearchViewController.swift */ = {isa = PBXFileReference; lastKnownFileType = sourcecode.swift; path = SearchViewController.swift; sourceTree = "<group>"; };
		2E2D4A1D2B91E22900857146 /* MyFavoriteViewController.swift */ = {isa = PBXFileReference; lastKnownFileType = sourcecode.swift; path = MyFavoriteViewController.swift; sourceTree = "<group>"; };
		2E2D4A212B91E50700857146 /* ChartViewController.swift */ = {isa = PBXFileReference; lastKnownFileType = sourcecode.swift; path = ChartViewController.swift; sourceTree = "<group>"; };
		2E2D4A232B91E50E00857146 /* MyPageViewController.swift */ = {isa = PBXFileReference; lastKnownFileType = sourcecode.swift; path = MyPageViewController.swift; sourceTree = "<group>"; };
		2E2D4A292B92325F00857146 /* SearchView.swift */ = {isa = PBXFileReference; lastKnownFileType = sourcecode.swift; path = SearchView.swift; sourceTree = "<group>"; };
		2E2D4A2B2B92385500857146 /* SearchResultTableViewCell.swift */ = {isa = PBXFileReference; lastKnownFileType = sourcecode.swift; path = SearchResultTableViewCell.swift; sourceTree = "<group>"; };
		2E2D4A2E2B923A2200857146 /* SearchViewModel.swift */ = {isa = PBXFileReference; lastKnownFileType = sourcecode.swift; path = SearchViewModel.swift; sourceTree = "<group>"; };
		2E52409B2B8DB10200036E36 /* CryptoCoinTrending.app */ = {isa = PBXFileReference; explicitFileType = wrapper.application; includeInIndex = 0; path = CryptoCoinTrending.app; sourceTree = BUILT_PRODUCTS_DIR; };
		2E52409E2B8DB10200036E36 /* AppDelegate.swift */ = {isa = PBXFileReference; lastKnownFileType = sourcecode.swift; path = AppDelegate.swift; sourceTree = "<group>"; };
		2E5240A02B8DB10200036E36 /* SceneDelegate.swift */ = {isa = PBXFileReference; lastKnownFileType = sourcecode.swift; path = SceneDelegate.swift; sourceTree = "<group>"; };
		2E5240A72B8DB10300036E36 /* Assets.xcassets */ = {isa = PBXFileReference; lastKnownFileType = folder.assetcatalog; path = Assets.xcassets; sourceTree = "<group>"; };
		2E5240AA2B8DB10300036E36 /* Base */ = {isa = PBXFileReference; lastKnownFileType = file.storyboard; name = Base; path = Base.lproj/LaunchScreen.storyboard; sourceTree = "<group>"; };
		2E5240AC2B8DB10300036E36 /* Info.plist */ = {isa = PBXFileReference; lastKnownFileType = text.plist.xml; path = Info.plist; sourceTree = "<group>"; };
		2E5240DE2B8DBA5600036E36 /* UIColor+CustomColor.swift */ = {isa = PBXFileReference; lastKnownFileType = sourcecode.swift; path = "UIColor+CustomColor.swift"; sourceTree = "<group>"; };
		2E5240E02B8DBAF000036E36 /* UIView+addSubViews.swift */ = {isa = PBXFileReference; lastKnownFileType = sourcecode.swift; path = "UIView+addSubViews.swift"; sourceTree = "<group>"; };
		2E5240E22B8DBC9800036E36 /* TrendingViewController.swift */ = {isa = PBXFileReference; lastKnownFileType = sourcecode.swift; path = TrendingViewController.swift; sourceTree = "<group>"; };
		2E5240E52B8DC0F900036E36 /* Observable.swift */ = {isa = PBXFileReference; lastKnownFileType = sourcecode.swift; path = Observable.swift; sourceTree = "<group>"; };
		2E5240E72B8DC15300036E36 /* MyFavoriteCollectionViewCell.swift */ = {isa = PBXFileReference; lastKnownFileType = sourcecode.swift; path = MyFavoriteCollectionViewCell.swift; sourceTree = "<group>"; };
		2E5240EB2B8DC2E100036E36 /* BaseViewController.swift */ = {isa = PBXFileReference; lastKnownFileType = sourcecode.swift; path = BaseViewController.swift; sourceTree = "<group>"; };
		2E5240ED2B8DC3AF00036E36 /* TrendingViewModel.swift */ = {isa = PBXFileReference; lastKnownFileType = sourcecode.swift; path = TrendingViewModel.swift; sourceTree = "<group>"; };
		2E5240EF2B8DE31200036E36 /* CoinGeckoAPI.swift */ = {isa = PBXFileReference; lastKnownFileType = sourcecode.swift; path = CoinGeckoAPI.swift; sourceTree = "<group>"; };
		2E5240F12B8DE76900036E36 /* CoinGeckoAPIManager.swift */ = {isa = PBXFileReference; lastKnownFileType = sourcecode.swift; path = CoinGeckoAPIManager.swift; sourceTree = "<group>"; };
		2E5240F42B8E266100036E36 /* Trending.swift */ = {isa = PBXFileReference; lastKnownFileType = sourcecode.swift; path = Trending.swift; sourceTree = "<group>"; };
		2E5240F62B8E2F0400036E36 /* ChartCollectionViewCell.swift */ = {isa = PBXFileReference; lastKnownFileType = sourcecode.swift; path = ChartCollectionViewCell.swift; sourceTree = "<group>"; };
		2E5240F82B8E36C100036E36 /* ChartOverviewTableViewCell.swift */ = {isa = PBXFileReference; lastKnownFileType = sourcecode.swift; path = ChartOverviewTableViewCell.swift; sourceTree = "<group>"; };
		2E62B3C62B90EDA10094281F /* MyFavoriteTableViewCell.swift */ = {isa = PBXFileReference; lastKnownFileType = sourcecode.swift; path = MyFavoriteTableViewCell.swift; sourceTree = "<group>"; };
		2E62B3C82B90FAC70094281F /* TrendingView.swift */ = {isa = PBXFileReference; lastKnownFileType = sourcecode.swift; path = TrendingView.swift; sourceTree = "<group>"; };
/* End PBXFileReference section */

/* Begin PBXFrameworksBuildPhase section */
		2E5240982B8DB10200036E36 /* Frameworks */ = {
			isa = PBXFrameworksBuildPhase;
			buildActionMask = 2147483647;
			files = (
				2E5240C22B8DB24F00036E36 /* Toast in Frameworks */,
				2E5240BF2B8DB1F700036E36 /* Then in Frameworks */,
				2E2D4A272B920E7200857146 /* Kingfisher in Frameworks */,
				2E5240B72B8DB1E600036E36 /* DGCharts in Frameworks */,
				2E5240BC2B8DB1F000036E36 /* SnapKit in Frameworks */,
				2E5240B92B8DB1E600036E36 /* DGChartsDynamic in Frameworks */,
				2E5240B42B8DB1D900036E36 /* Alamofire in Frameworks */,
			);
			runOnlyForDeploymentPostprocessing = 0;
		};
/* End PBXFrameworksBuildPhase section */

/* Begin PBXGroup section */
		2E2D4A172B91E1EC00857146 /* TabBar */ = {
			isa = PBXGroup;
			children = (
				2E2D4A1A2B91E20100857146 /* ViewController */,
			);
			path = TabBar;
			sourceTree = "<group>";
		};
		2E2D4A1A2B91E20100857146 /* ViewController */ = {
			isa = PBXGroup;
			children = (
				2E2D4A182B91E1FD00857146 /* TabBarViewController.swift */,
			);
			path = ViewController;
			sourceTree = "<group>";
		};
		2E2D4A1F2B91E22C00857146 /* TableViewCell */ = {
			isa = PBXGroup;
			children = (
				2E62B3C62B90EDA10094281F /* MyFavoriteTableViewCell.swift */,
				2E5240F82B8E36C100036E36 /* ChartOverviewTableViewCell.swift */,
			);
			path = TableViewCell;
			sourceTree = "<group>";
		};
		2E2D4A202B91E23100857146 /* CollectionViewCell */ = {
			isa = PBXGroup;
			children = (
				2E5240F62B8E2F0400036E36 /* ChartCollectionViewCell.swift */,
				2E5240E72B8DC15300036E36 /* MyFavoriteCollectionViewCell.swift */,
			);
			path = CollectionViewCell;
			sourceTree = "<group>";
		};
		2E2D4A2D2B923A0000857146 /* TableViewCell */ = {
			isa = PBXGroup;
			children = (
				2E2D4A2B2B92385500857146 /* SearchResultTableViewCell.swift */,
			);
			path = TableViewCell;
			sourceTree = "<group>";
		};
		2E5240922B8DB10100036E36 = {
			isa = PBXGroup;
			children = (
				2E52409D2B8DB10200036E36 /* CryptoCoinTrending */,
				2E52409C2B8DB10200036E36 /* Products */,
			);
			sourceTree = "<group>";
		};
		2E52409C2B8DB10200036E36 /* Products */ = {
			isa = PBXGroup;
			children = (
				2E52409B2B8DB10200036E36 /* CryptoCoinTrending.app */,
			);
			name = Products;
			sourceTree = "<group>";
		};
		2E52409D2B8DB10200036E36 /* CryptoCoinTrending */ = {
			isa = PBXGroup;
			children = (
				2E5240DD2B8DB69500036E36 /* Resources */,
				2E5240DC2B8DB69000036E36 /* Source */,
				2E5240C42B8DB29600036E36 /* Util */,
			);
			path = CryptoCoinTrending;
			sourceTree = "<group>";
		};
		2E5240C32B8DB27D00036E36 /* App */ = {
			isa = PBXGroup;
			children = (
				2E52409E2B8DB10200036E36 /* AppDelegate.swift */,
				2E5240A02B8DB10200036E36 /* SceneDelegate.swift */,
			);
			path = App;
			sourceTree = "<group>";
		};
		2E5240C42B8DB29600036E36 /* Util */ = {
			isa = PBXGroup;
			children = (
				2E5240C52B8DB2A000036E36 /* Extension */,
			);
			path = Util;
			sourceTree = "<group>";
		};
		2E5240C52B8DB2A000036E36 /* Extension */ = {
			isa = PBXGroup;
			children = (
				2E5240DE2B8DBA5600036E36 /* UIColor+CustomColor.swift */,
				2E5240E02B8DBAF000036E36 /* UIView+addSubViews.swift */,
			);
			path = Extension;
			sourceTree = "<group>";
		};
		2E5240C62B8DB2DC00036E36 /* Presentation */ = {
			isa = PBXGroup;
			children = (
				2E5240E92B8DC2C900036E36 /* Base */,
				2E2D4A172B91E1EC00857146 /* TabBar */,
				2E5240C72B8DB2FF00036E36 /* Trending */,
				2E5240C82B8DB30600036E36 /* Search */,
				2E5240C92B8DB31800036E36 /* MyFavorite */,
				2E5240CA2B8DB32500036E36 /* Chart */,
				2E5240CB2B8DB35800036E36 /* MyPage */,
			);
			path = Presentation;
			sourceTree = "<group>";
		};
		2E5240C72B8DB2FF00036E36 /* Trending */ = {
			isa = PBXGroup;
			children = (
				2E5240CE2B8DB37C00036E36 /* View */,
				2E5240CC2B8DB36F00036E36 /* ViewController */,
				2E5240CD2B8DB37600036E36 /* ViewModel */,
			);
			path = Trending;
			sourceTree = "<group>";
		};
		2E5240C82B8DB30600036E36 /* Search */ = {
			isa = PBXGroup;
			children = (
				2E5240CF2B8DB38B00036E36 /* View */,
				2E5240D12B8DB39700036E36 /* ViewController */,
				2E5240D02B8DB39100036E36 /* ViewModel */,
			);
			path = Search;
			sourceTree = "<group>";
		};
		2E5240C92B8DB31800036E36 /* MyFavorite */ = {
			isa = PBXGroup;
			children = (
				2E5240D42B8DB45A00036E36 /* View */,
				2E5240D32B8DB45500036E36 /* ViewController */,
				2E5240D22B8DB44D00036E36 /* ViewModel */,
			);
			path = MyFavorite;
			sourceTree = "<group>";
		};
		2E5240CA2B8DB32500036E36 /* Chart */ = {
			isa = PBXGroup;
			children = (
				2E5240D72B8DB46700036E36 /* View */,
				2E5240D62B8DB46200036E36 /* ViewController */,
				2E5240D52B8DB45D00036E36 /* ViewModel */,
			);
			path = Chart;
			sourceTree = "<group>";
		};
		2E5240CB2B8DB35800036E36 /* MyPage */ = {
			isa = PBXGroup;
			children = (
				2E5240DA2B8DB47500036E36 /* View */,
				2E5240D92B8DB46F00036E36 /* ViewController */,
				2E5240D82B8DB46A00036E36 /* ViewModel */,
			);
			path = MyPage;
			sourceTree = "<group>";
		};
		2E5240CC2B8DB36F00036E36 /* ViewController */ = {
			isa = PBXGroup;
			children = (
				2E5240E22B8DBC9800036E36 /* TrendingViewController.swift */,
			);
			path = ViewController;
			sourceTree = "<group>";
		};
		2E5240CD2B8DB37600036E36 /* ViewModel */ = {
			isa = PBXGroup;
			children = (
				2E5240ED2B8DC3AF00036E36 /* TrendingViewModel.swift */,
			);
			path = ViewModel;
			sourceTree = "<group>";
		};
		2E5240CE2B8DB37C00036E36 /* View */ = {
			isa = PBXGroup;
			children = (
				2E62B3C82B90FAC70094281F /* TrendingView.swift */,
				2E2D4A202B91E23100857146 /* CollectionViewCell */,
				2E2D4A1F2B91E22C00857146 /* TableViewCell */,
			);
			path = View;
			sourceTree = "<group>";
		};
		2E5240CF2B8DB38B00036E36 /* View */ = {
			isa = PBXGroup;
			children = (
				2E2D4A2D2B923A0000857146 /* TableViewCell */,
				2E2D4A292B92325F00857146 /* SearchView.swift */,
			);
			path = View;
			sourceTree = "<group>";
		};
		2E5240D02B8DB39100036E36 /* ViewModel */ = {
			isa = PBXGroup;
			children = (
				2E2D4A2E2B923A2200857146 /* SearchViewModel.swift */,
			);
			path = ViewModel;
			sourceTree = "<group>";
		};
		2E5240D12B8DB39700036E36 /* ViewController */ = {
			isa = PBXGroup;
			children = (
				2E2D4A1B2B91E21B00857146 /* SearchViewController.swift */,
			);
			path = ViewController;
			sourceTree = "<group>";
		};
		2E5240D22B8DB44D00036E36 /* ViewModel */ = {
			isa = PBXGroup;
			children = (
			);
			path = ViewModel;
			sourceTree = "<group>";
		};
		2E5240D32B8DB45500036E36 /* ViewController */ = {
			isa = PBXGroup;
			children = (
				2E2D4A1D2B91E22900857146 /* MyFavoriteViewController.swift */,
			);
			path = ViewController;
			sourceTree = "<group>";
		};
		2E5240D42B8DB45A00036E36 /* View */ = {
			isa = PBXGroup;
			children = (
			);
			path = View;
			sourceTree = "<group>";
		};
		2E5240D52B8DB45D00036E36 /* ViewModel */ = {
			isa = PBXGroup;
			children = (
			);
			path = ViewModel;
			sourceTree = "<group>";
		};
		2E5240D62B8DB46200036E36 /* ViewController */ = {
			isa = PBXGroup;
			children = (
				2E2D4A212B91E50700857146 /* ChartViewController.swift */,
			);
			path = ViewController;
			sourceTree = "<group>";
		};
		2E5240D72B8DB46700036E36 /* View */ = {
			isa = PBXGroup;
			children = (
			);
			path = View;
			sourceTree = "<group>";
		};
		2E5240D82B8DB46A00036E36 /* ViewModel */ = {
			isa = PBXGroup;
			children = (
			);
			path = ViewModel;
			sourceTree = "<group>";
		};
		2E5240D92B8DB46F00036E36 /* ViewController */ = {
			isa = PBXGroup;
			children = (
				2E2D4A232B91E50E00857146 /* MyPageViewController.swift */,
			);
			path = ViewController;
			sourceTree = "<group>";
		};
		2E5240DA2B8DB47500036E36 /* View */ = {
			isa = PBXGroup;
			children = (
			);
			path = View;
			sourceTree = "<group>";
		};
		2E5240DB2B8DB59000036E36 /* Network */ = {
			isa = PBXGroup;
			children = (
				2E5240EF2B8DE31200036E36 /* CoinGeckoAPI.swift */,
				2E5240F12B8DE76900036E36 /* CoinGeckoAPIManager.swift */,
				2E5240F42B8E266100036E36 /* Trending.swift */,
			);
			path = Network;
			sourceTree = "<group>";
		};
		2E5240DC2B8DB69000036E36 /* Source */ = {
			isa = PBXGroup;
			children = (
				2E5240C32B8DB27D00036E36 /* App */,
				2E5240DB2B8DB59000036E36 /* Network */,
				2E5240E42B8DC0EC00036E36 /* Observable */,
				2E5240C62B8DB2DC00036E36 /* Presentation */,
			);
			path = Source;
			sourceTree = "<group>";
		};
		2E5240DD2B8DB69500036E36 /* Resources */ = {
			isa = PBXGroup;
			children = (
				2E5240A92B8DB10300036E36 /* LaunchScreen.storyboard */,
				2E5240A72B8DB10300036E36 /* Assets.xcassets */,
				2E5240AC2B8DB10300036E36 /* Info.plist */,
			);
			path = Resources;
			sourceTree = "<group>";
		};
		2E5240E42B8DC0EC00036E36 /* Observable */ = {
			isa = PBXGroup;
			children = (
				2E5240E52B8DC0F900036E36 /* Observable.swift */,
			);
			path = Observable;
			sourceTree = "<group>";
		};
		2E5240E92B8DC2C900036E36 /* Base */ = {
			isa = PBXGroup;
			children = (
				2E5240EA2B8DC2D400036E36 /* ViewController */,
			);
			path = Base;
			sourceTree = "<group>";
		};
		2E5240EA2B8DC2D400036E36 /* ViewController */ = {
			isa = PBXGroup;
			children = (
				2E5240EB2B8DC2E100036E36 /* BaseViewController.swift */,
			);
			path = ViewController;
			sourceTree = "<group>";
		};
/* End PBXGroup section */

/* Begin PBXNativeTarget section */
		2E52409A2B8DB10200036E36 /* CryptoCoinTrending */ = {
			isa = PBXNativeTarget;
			buildConfigurationList = 2E5240AF2B8DB10300036E36 /* Build configuration list for PBXNativeTarget "CryptoCoinTrending" */;
			buildPhases = (
				2E5240972B8DB10200036E36 /* Sources */,
				2E5240982B8DB10200036E36 /* Frameworks */,
				2E5240992B8DB10200036E36 /* Resources */,
			);
			buildRules = (
			);
			dependencies = (
			);
			name = CryptoCoinTrending;
			packageProductDependencies = (
				2E5240B32B8DB1D900036E36 /* Alamofire */,
				2E5240B62B8DB1E600036E36 /* DGCharts */,
				2E5240B82B8DB1E600036E36 /* DGChartsDynamic */,
				2E5240BB2B8DB1F000036E36 /* SnapKit */,
				2E5240BE2B8DB1F700036E36 /* Then */,
				2E5240C12B8DB24F00036E36 /* Toast */,
				2E2D4A262B920E7200857146 /* Kingfisher */,
			);
			productName = CryptoCoinTrending;
			productReference = 2E52409B2B8DB10200036E36 /* CryptoCoinTrending.app */;
			productType = "com.apple.product-type.application";
		};
/* End PBXNativeTarget section */

/* Begin PBXProject section */
		2E5240932B8DB10100036E36 /* Project object */ = {
			isa = PBXProject;
			attributes = {
				BuildIndependentTargetsInParallel = 1;
				LastSwiftUpdateCheck = 1520;
				LastUpgradeCheck = 1520;
				TargetAttributes = {
					2E52409A2B8DB10200036E36 = {
						CreatedOnToolsVersion = 15.2;
					};
				};
			};
			buildConfigurationList = 2E5240962B8DB10100036E36 /* Build configuration list for PBXProject "CryptoCoinTrending" */;
			compatibilityVersion = "Xcode 14.0";
			developmentRegion = en;
			hasScannedForEncodings = 0;
			knownRegions = (
				en,
				Base,
			);
			mainGroup = 2E5240922B8DB10100036E36;
			packageReferences = (
				2E5240B22B8DB1D900036E36 /* XCRemoteSwiftPackageReference "Alamofire" */,
				2E5240B52B8DB1E600036E36 /* XCRemoteSwiftPackageReference "Charts" */,
				2E5240BA2B8DB1F000036E36 /* XCRemoteSwiftPackageReference "SnapKit" */,
				2E5240BD2B8DB1F700036E36 /* XCRemoteSwiftPackageReference "Then" */,
				2E5240C02B8DB24F00036E36 /* XCRemoteSwiftPackageReference "Toast-Swift" */,
				2E2D4A252B920E7200857146 /* XCRemoteSwiftPackageReference "Kingfisher" */,
			);
			productRefGroup = 2E52409C2B8DB10200036E36 /* Products */;
			projectDirPath = "";
			projectRoot = "";
			targets = (
				2E52409A2B8DB10200036E36 /* CryptoCoinTrending */,
			);
		};
/* End PBXProject section */

/* Begin PBXResourcesBuildPhase section */
		2E5240992B8DB10200036E36 /* Resources */ = {
			isa = PBXResourcesBuildPhase;
			buildActionMask = 2147483647;
			files = (
				2E5240AB2B8DB10300036E36 /* LaunchScreen.storyboard in Resources */,
				2E5240A82B8DB10300036E36 /* Assets.xcassets in Resources */,
			);
			runOnlyForDeploymentPostprocessing = 0;
		};
/* End PBXResourcesBuildPhase section */

/* Begin PBXSourcesBuildPhase section */
		2E5240972B8DB10200036E36 /* Sources */ = {
			isa = PBXSourcesBuildPhase;
			buildActionMask = 2147483647;
			files = (
				2E62B3C72B90EDA10094281F /* MyFavoriteTableViewCell.swift in Sources */,
				2E5240F52B8E266100036E36 /* Trending.swift in Sources */,
				2E5240E82B8DC15300036E36 /* MyFavoriteCollectionViewCell.swift in Sources */,
				2E62B3C92B90FAC70094281F /* TrendingView.swift in Sources */,
				2E5240F02B8DE31200036E36 /* CoinGeckoAPI.swift in Sources */,
				2E5240E12B8DBAF000036E36 /* UIView+addSubViews.swift in Sources */,
				2E52409F2B8DB10200036E36 /* AppDelegate.swift in Sources */,
				2E5240E32B8DBC9800036E36 /* TrendingViewController.swift in Sources */,
				2E5240EE2B8DC3AF00036E36 /* TrendingViewModel.swift in Sources */,
				2E2D4A222B91E50700857146 /* ChartViewController.swift in Sources */,
				2E2D4A2A2B92325F00857146 /* SearchView.swift in Sources */,
				2E2D4A192B91E1FD00857146 /* TabBarViewController.swift in Sources */,
				2E2D4A2C2B92385500857146 /* SearchResultTableViewCell.swift in Sources */,
				2E5240F22B8DE76900036E36 /* CoinGeckoAPIManager.swift in Sources */,
				2E5240DF2B8DBA5600036E36 /* UIColor+CustomColor.swift in Sources */,
				2E2D4A1C2B91E21B00857146 /* SearchViewController.swift in Sources */,
				2E5240EC2B8DC2E100036E36 /* BaseViewController.swift in Sources */,
				2E5240E62B8DC0F900036E36 /* Observable.swift in Sources */,
				2E2D4A2F2B923A2200857146 /* SearchViewModel.swift in Sources */,
				2E2D4A242B91E50E00857146 /* MyPageViewController.swift in Sources */,
				2E2D4A1E2B91E22900857146 /* MyFavoriteViewController.swift in Sources */,
				2E5240F72B8E2F0400036E36 /* ChartCollectionViewCell.swift in Sources */,
				2E5240F92B8E36C100036E36 /* ChartOverviewTableViewCell.swift in Sources */,
				2E5240A12B8DB10200036E36 /* SceneDelegate.swift in Sources */,
			);
			runOnlyForDeploymentPostprocessing = 0;
		};
/* End PBXSourcesBuildPhase section */

/* Begin PBXVariantGroup section */
		2E5240A92B8DB10300036E36 /* LaunchScreen.storyboard */ = {
			isa = PBXVariantGroup;
			children = (
				2E5240AA2B8DB10300036E36 /* Base */,
			);
			name = LaunchScreen.storyboard;
			sourceTree = "<group>";
		};
/* End PBXVariantGroup section */

/* Begin XCBuildConfiguration section */
		2E5240AD2B8DB10300036E36 /* Debug */ = {
			isa = XCBuildConfiguration;
			buildSettings = {
				ALWAYS_SEARCH_USER_PATHS = NO;
				ASSETCATALOG_COMPILER_GENERATE_SWIFT_ASSET_SYMBOL_EXTENSIONS = YES;
				CLANG_ANALYZER_NONNULL = YES;
				CLANG_ANALYZER_NUMBER_OBJECT_CONVERSION = YES_AGGRESSIVE;
				CLANG_CXX_LANGUAGE_STANDARD = "gnu++20";
				CLANG_ENABLE_MODULES = YES;
				CLANG_ENABLE_OBJC_ARC = YES;
				CLANG_ENABLE_OBJC_WEAK = YES;
				CLANG_WARN_BLOCK_CAPTURE_AUTORELEASING = YES;
				CLANG_WARN_BOOL_CONVERSION = YES;
				CLANG_WARN_COMMA = YES;
				CLANG_WARN_CONSTANT_CONVERSION = YES;
				CLANG_WARN_DEPRECATED_OBJC_IMPLEMENTATIONS = YES;
				CLANG_WARN_DIRECT_OBJC_ISA_USAGE = YES_ERROR;
				CLANG_WARN_DOCUMENTATION_COMMENTS = YES;
				CLANG_WARN_EMPTY_BODY = YES;
				CLANG_WARN_ENUM_CONVERSION = YES;
				CLANG_WARN_INFINITE_RECURSION = YES;
				CLANG_WARN_INT_CONVERSION = YES;
				CLANG_WARN_NON_LITERAL_NULL_CONVERSION = YES;
				CLANG_WARN_OBJC_IMPLICIT_RETAIN_SELF = YES;
				CLANG_WARN_OBJC_LITERAL_CONVERSION = YES;
				CLANG_WARN_OBJC_ROOT_CLASS = YES_ERROR;
				CLANG_WARN_QUOTED_INCLUDE_IN_FRAMEWORK_HEADER = YES;
				CLANG_WARN_RANGE_LOOP_ANALYSIS = YES;
				CLANG_WARN_STRICT_PROTOTYPES = YES;
				CLANG_WARN_SUSPICIOUS_MOVE = YES;
				CLANG_WARN_UNGUARDED_AVAILABILITY = YES_AGGRESSIVE;
				CLANG_WARN_UNREACHABLE_CODE = YES;
				CLANG_WARN__DUPLICATE_METHOD_MATCH = YES;
				COPY_PHASE_STRIP = NO;
				DEBUG_INFORMATION_FORMAT = dwarf;
				ENABLE_STRICT_OBJC_MSGSEND = YES;
				ENABLE_TESTABILITY = YES;
				ENABLE_USER_SCRIPT_SANDBOXING = YES;
				GCC_C_LANGUAGE_STANDARD = gnu17;
				GCC_DYNAMIC_NO_PIC = NO;
				GCC_NO_COMMON_BLOCKS = YES;
				GCC_OPTIMIZATION_LEVEL = 0;
				GCC_PREPROCESSOR_DEFINITIONS = (
					"DEBUG=1",
					"$(inherited)",
				);
				GCC_WARN_64_TO_32_BIT_CONVERSION = YES;
				GCC_WARN_ABOUT_RETURN_TYPE = YES_ERROR;
				GCC_WARN_UNDECLARED_SELECTOR = YES;
				GCC_WARN_UNINITIALIZED_AUTOS = YES_AGGRESSIVE;
				GCC_WARN_UNUSED_FUNCTION = YES;
				GCC_WARN_UNUSED_VARIABLE = YES;
				IPHONEOS_DEPLOYMENT_TARGET = 17.2;
				LOCALIZATION_PREFERS_STRING_CATALOGS = YES;
				MTL_ENABLE_DEBUG_INFO = INCLUDE_SOURCE;
				MTL_FAST_MATH = YES;
				ONLY_ACTIVE_ARCH = YES;
				SDKROOT = iphoneos;
				SWIFT_ACTIVE_COMPILATION_CONDITIONS = "DEBUG $(inherited)";
				SWIFT_OPTIMIZATION_LEVEL = "-Onone";
			};
			name = Debug;
		};
		2E5240AE2B8DB10300036E36 /* Release */ = {
			isa = XCBuildConfiguration;
			buildSettings = {
				ALWAYS_SEARCH_USER_PATHS = NO;
				ASSETCATALOG_COMPILER_GENERATE_SWIFT_ASSET_SYMBOL_EXTENSIONS = YES;
				CLANG_ANALYZER_NONNULL = YES;
				CLANG_ANALYZER_NUMBER_OBJECT_CONVERSION = YES_AGGRESSIVE;
				CLANG_CXX_LANGUAGE_STANDARD = "gnu++20";
				CLANG_ENABLE_MODULES = YES;
				CLANG_ENABLE_OBJC_ARC = YES;
				CLANG_ENABLE_OBJC_WEAK = YES;
				CLANG_WARN_BLOCK_CAPTURE_AUTORELEASING = YES;
				CLANG_WARN_BOOL_CONVERSION = YES;
				CLANG_WARN_COMMA = YES;
				CLANG_WARN_CONSTANT_CONVERSION = YES;
				CLANG_WARN_DEPRECATED_OBJC_IMPLEMENTATIONS = YES;
				CLANG_WARN_DIRECT_OBJC_ISA_USAGE = YES_ERROR;
				CLANG_WARN_DOCUMENTATION_COMMENTS = YES;
				CLANG_WARN_EMPTY_BODY = YES;
				CLANG_WARN_ENUM_CONVERSION = YES;
				CLANG_WARN_INFINITE_RECURSION = YES;
				CLANG_WARN_INT_CONVERSION = YES;
				CLANG_WARN_NON_LITERAL_NULL_CONVERSION = YES;
				CLANG_WARN_OBJC_IMPLICIT_RETAIN_SELF = YES;
				CLANG_WARN_OBJC_LITERAL_CONVERSION = YES;
				CLANG_WARN_OBJC_ROOT_CLASS = YES_ERROR;
				CLANG_WARN_QUOTED_INCLUDE_IN_FRAMEWORK_HEADER = YES;
				CLANG_WARN_RANGE_LOOP_ANALYSIS = YES;
				CLANG_WARN_STRICT_PROTOTYPES = YES;
				CLANG_WARN_SUSPICIOUS_MOVE = YES;
				CLANG_WARN_UNGUARDED_AVAILABILITY = YES_AGGRESSIVE;
				CLANG_WARN_UNREACHABLE_CODE = YES;
				CLANG_WARN__DUPLICATE_METHOD_MATCH = YES;
				COPY_PHASE_STRIP = NO;
				DEBUG_INFORMATION_FORMAT = "dwarf-with-dsym";
				ENABLE_NS_ASSERTIONS = NO;
				ENABLE_STRICT_OBJC_MSGSEND = YES;
				ENABLE_USER_SCRIPT_SANDBOXING = YES;
				GCC_C_LANGUAGE_STANDARD = gnu17;
				GCC_NO_COMMON_BLOCKS = YES;
				GCC_WARN_64_TO_32_BIT_CONVERSION = YES;
				GCC_WARN_ABOUT_RETURN_TYPE = YES_ERROR;
				GCC_WARN_UNDECLARED_SELECTOR = YES;
				GCC_WARN_UNINITIALIZED_AUTOS = YES_AGGRESSIVE;
				GCC_WARN_UNUSED_FUNCTION = YES;
				GCC_WARN_UNUSED_VARIABLE = YES;
				IPHONEOS_DEPLOYMENT_TARGET = 17.2;
				LOCALIZATION_PREFERS_STRING_CATALOGS = YES;
				MTL_ENABLE_DEBUG_INFO = NO;
				MTL_FAST_MATH = YES;
				SDKROOT = iphoneos;
				SWIFT_COMPILATION_MODE = wholemodule;
				VALIDATE_PRODUCT = YES;
			};
			name = Release;
		};
		2E5240B02B8DB10300036E36 /* Debug */ = {
			isa = XCBuildConfiguration;
			buildSettings = {
				ASSETCATALOG_COMPILER_APPICON_NAME = AppIcon;
				ASSETCATALOG_COMPILER_GLOBAL_ACCENT_COLOR_NAME = AccentColor;
				CODE_SIGN_STYLE = Automatic;
				CURRENT_PROJECT_VERSION = 1;
				DEVELOPMENT_TEAM = Q37X3LG46V;
				GENERATE_INFOPLIST_FILE = YES;
				INFOPLIST_FILE = CryptoCoinTrending/Resources/Info.plist;
				INFOPLIST_KEY_UIApplicationSupportsIndirectInputEvents = YES;
				INFOPLIST_KEY_UILaunchStoryboardName = LaunchScreen;
				INFOPLIST_KEY_UIMainStoryboardFile = "";
				INFOPLIST_KEY_UISupportedInterfaceOrientations_iPad = "UIInterfaceOrientationPortrait UIInterfaceOrientationPortraitUpsideDown UIInterfaceOrientationLandscapeLeft UIInterfaceOrientationLandscapeRight";
				INFOPLIST_KEY_UISupportedInterfaceOrientations_iPhone = "UIInterfaceOrientationPortrait UIInterfaceOrientationLandscapeLeft UIInterfaceOrientationLandscapeRight";
				LD_RUNPATH_SEARCH_PATHS = (
					"$(inherited)",
					"@executable_path/Frameworks",
				);
				MARKETING_VERSION = 1.0;
				PRODUCT_BUNDLE_IDENTIFIER = hwijin.CryptoCoinTrending;
				PRODUCT_NAME = "$(TARGET_NAME)";
				SWIFT_EMIT_LOC_STRINGS = YES;
				SWIFT_VERSION = 5.0;
				TARGETED_DEVICE_FAMILY = "1,2";
			};
			name = Debug;
		};
		2E5240B12B8DB10300036E36 /* Release */ = {
			isa = XCBuildConfiguration;
			buildSettings = {
				ASSETCATALOG_COMPILER_APPICON_NAME = AppIcon;
				ASSETCATALOG_COMPILER_GLOBAL_ACCENT_COLOR_NAME = AccentColor;
				CODE_SIGN_STYLE = Automatic;
				CURRENT_PROJECT_VERSION = 1;
				DEVELOPMENT_TEAM = Q37X3LG46V;
				GENERATE_INFOPLIST_FILE = YES;
				INFOPLIST_FILE = CryptoCoinTrending/Resources/Info.plist;
				INFOPLIST_KEY_UIApplicationSupportsIndirectInputEvents = YES;
				INFOPLIST_KEY_UILaunchStoryboardName = LaunchScreen;
				INFOPLIST_KEY_UIMainStoryboardFile = "";
				INFOPLIST_KEY_UISupportedInterfaceOrientations_iPad = "UIInterfaceOrientationPortrait UIInterfaceOrientationPortraitUpsideDown UIInterfaceOrientationLandscapeLeft UIInterfaceOrientationLandscapeRight";
				INFOPLIST_KEY_UISupportedInterfaceOrientations_iPhone = "UIInterfaceOrientationPortrait UIInterfaceOrientationLandscapeLeft UIInterfaceOrientationLandscapeRight";
				LD_RUNPATH_SEARCH_PATHS = (
					"$(inherited)",
					"@executable_path/Frameworks",
				);
				MARKETING_VERSION = 1.0;
				PRODUCT_BUNDLE_IDENTIFIER = hwijin.CryptoCoinTrending;
				PRODUCT_NAME = "$(TARGET_NAME)";
				SWIFT_EMIT_LOC_STRINGS = YES;
				SWIFT_VERSION = 5.0;
				TARGETED_DEVICE_FAMILY = "1,2";
			};
			name = Release;
		};
/* End XCBuildConfiguration section */

/* Begin XCConfigurationList section */
		2E5240962B8DB10100036E36 /* Build configuration list for PBXProject "CryptoCoinTrending" */ = {
			isa = XCConfigurationList;
			buildConfigurations = (
				2E5240AD2B8DB10300036E36 /* Debug */,
				2E5240AE2B8DB10300036E36 /* Release */,
			);
			defaultConfigurationIsVisible = 0;
			defaultConfigurationName = Release;
		};
		2E5240AF2B8DB10300036E36 /* Build configuration list for PBXNativeTarget "CryptoCoinTrending" */ = {
			isa = XCConfigurationList;
			buildConfigurations = (
				2E5240B02B8DB10300036E36 /* Debug */,
				2E5240B12B8DB10300036E36 /* Release */,
			);
			defaultConfigurationIsVisible = 0;
			defaultConfigurationName = Release;
		};
/* End XCConfigurationList section */

/* Begin XCRemoteSwiftPackageReference section */
		2E2D4A252B920E7200857146 /* XCRemoteSwiftPackageReference "Kingfisher" */ = {
			isa = XCRemoteSwiftPackageReference;
			repositoryURL = "https://github.com/onevcat/Kingfisher";
			requirement = {
				kind = upToNextMajorVersion;
				minimumVersion = 7.11.0;
			};
		};
		2E5240B22B8DB1D900036E36 /* XCRemoteSwiftPackageReference "Alamofire" */ = {
			isa = XCRemoteSwiftPackageReference;
			repositoryURL = "https://github.com/Alamofire/Alamofire";
			requirement = {
				kind = upToNextMajorVersion;
				minimumVersion = 5.8.1;
			};
		};
		2E5240B52B8DB1E600036E36 /* XCRemoteSwiftPackageReference "Charts" */ = {
			isa = XCRemoteSwiftPackageReference;
			repositoryURL = "https://github.com/danielgindi/Charts.git";
			requirement = {
				kind = upToNextMajorVersion;
				minimumVersion = 5.1.0;
			};
		};
		2E5240BA2B8DB1F000036E36 /* XCRemoteSwiftPackageReference "SnapKit" */ = {
			isa = XCRemoteSwiftPackageReference;
			repositoryURL = "https://github.com/SnapKit/SnapKit.git";
			requirement = {
				kind = upToNextMajorVersion;
				minimumVersion = 5.7.1;
			};
		};
		2E5240BD2B8DB1F700036E36 /* XCRemoteSwiftPackageReference "Then" */ = {
			isa = XCRemoteSwiftPackageReference;
			repositoryURL = "https://github.com/devxoul/Then";
			requirement = {
				kind = upToNextMajorVersion;
				minimumVersion = 3.0.0;
			};
		};
		2E5240C02B8DB24F00036E36 /* XCRemoteSwiftPackageReference "Toast-Swift" */ = {
			isa = XCRemoteSwiftPackageReference;
			repositoryURL = "https://github.com/scalessec/Toast-Swift.git";
			requirement = {
				kind = upToNextMajorVersion;
				minimumVersion = 5.1.0;
			};
		};
/* End XCRemoteSwiftPackageReference section */

/* Begin XCSwiftPackageProductDependency section */
		2E2D4A262B920E7200857146 /* Kingfisher */ = {
			isa = XCSwiftPackageProductDependency;
			package = 2E2D4A252B920E7200857146 /* XCRemoteSwiftPackageReference "Kingfisher" */;
			productName = Kingfisher;
		};
		2E5240B32B8DB1D900036E36 /* Alamofire */ = {
			isa = XCSwiftPackageProductDependency;
			package = 2E5240B22B8DB1D900036E36 /* XCRemoteSwiftPackageReference "Alamofire" */;
			productName = Alamofire;
		};
		2E5240B62B8DB1E600036E36 /* DGCharts */ = {
			isa = XCSwiftPackageProductDependency;
			package = 2E5240B52B8DB1E600036E36 /* XCRemoteSwiftPackageReference "Charts" */;
			productName = DGCharts;
		};
		2E5240B82B8DB1E600036E36 /* DGChartsDynamic */ = {
			isa = XCSwiftPackageProductDependency;
			package = 2E5240B52B8DB1E600036E36 /* XCRemoteSwiftPackageReference "Charts" */;
			productName = DGChartsDynamic;
		};
		2E5240BB2B8DB1F000036E36 /* SnapKit */ = {
			isa = XCSwiftPackageProductDependency;
			package = 2E5240BA2B8DB1F000036E36 /* XCRemoteSwiftPackageReference "SnapKit" */;
			productName = SnapKit;
		};
		2E5240BE2B8DB1F700036E36 /* Then */ = {
			isa = XCSwiftPackageProductDependency;
			package = 2E5240BD2B8DB1F700036E36 /* XCRemoteSwiftPackageReference "Then" */;
			productName = Then;
		};
		2E5240C12B8DB24F00036E36 /* Toast */ = {
			isa = XCSwiftPackageProductDependency;
			package = 2E5240C02B8DB24F00036E36 /* XCRemoteSwiftPackageReference "Toast-Swift" */;
			productName = Toast;
		};
/* End XCSwiftPackageProductDependency section */
	};
	rootObject = 2E5240932B8DB10100036E36 /* Project object */;
}
